{
  "name": "react-router",
  "version": "1.0.0-beta2",
  "dependencies": {
    "invariant": {
      "version": "2.2.4",
      "from": "https://registry.npmjs.org/invariant/-/invariant-2.2.4.tgz",
      "resolved": "https://registry.npmjs.org/invariant/-/invariant-2.2.4.tgz",
      "dependencies": {
        "loose-envify": {
          "version": "1.4.0",
          "from": "https://registry.npmjs.org/loose-envify/-/loose-envify-1.4.0.tgz",
          "resolved": "https://registry.npmjs.org/loose-envify/-/loose-envify-1.4.0.tgz",
          "dependencies": {
            "js-tokens": {
              "version": "4.0.0",
              "from": "https://registry.npmjs.org/js-tokens/-/js-tokens-4.0.0.tgz",
              "resolved": "https://registry.npmjs.org/js-tokens/-/js-tokens-4.0.0.tgz"
            }
          }
        }
      }
    },
    "keymirror": {
      "version": "0.1.1",
      "from": "https://registry.npmjs.org/keymirror/-/keymirror-0.1.1.tgz",
      "resolved": "https://registry.npmjs.org/keymirror/-/keymirror-0.1.1.tgz"
    },
    "prop-types": {
      "version": "15.6.2",
      "from": "https://registry.npmjs.org/prop-types/-/prop-types-15.6.2.tgz",
      "resolved": "https://registry.npmjs.org/prop-types/-/prop-types-15.6.2.tgz",
      "dependencies": {
        "loose-envify": {
          "version": "1.4.0",
          "from": "https://registry.npmjs.org/loose-envify/-/loose-envify-1.4.0.tgz",
          "resolved": "https://registry.npmjs.org/loose-envify/-/loose-envify-1.4.0.tgz",
          "dependencies": {
            "js-tokens": {
              "version": "4.0.0",
              "from": "https://registry.npmjs.org/js-tokens/-/js-tokens-4.0.0.tgz",
              "resolved": "https://registry.npmjs.org/js-tokens/-/js-tokens-4.0.0.tgz"
            }
          }
        },
        "object-assign": {
          "version": "4.1.1",
          "from": "https://registry.npmjs.org/object-assign/-/object-assign-4.1.1.tgz",
          "resolved": "https://registry.npmjs.org/object-assign/-/object-assign-4.1.1.tgz"
        }
      }
    },
    "qs": {
      "version": "2.4.1",
      "from": "https://registry.npmjs.org/qs/-/qs-2.4.1.tgz",
      "resolved": "https://registry.npmjs.org/qs/-/qs-2.4.1.tgz"
    },
    "warning": {
      "version": "1.0.2",
      "from": "https://registry.npmjs.org/warning/-/warning-1.0.2.tgz",
      "resolved": "https://registry.npmjs.org/warning/-/warning-1.0.2.tgz"
    }
  }
}
